<?xml version="1.0" encoding="UTF-8"?>
<Scheme
   version = "1.3">
   <BuildAction>
      <BuildActionEntries>
         <BuildActionEntry
            buildForRunning = "YES">
            <BuildableReference
               BuildableIdentifier = "primary"
               BlueprintIdentifier = "C3591EEE26A48F1D00DA6CF7"
               BuildableName = "MovieInfoApp.app"
               BlueprintName = "MovieInfoApp"
               ReferencedContainer = "container:MovieInfoApp.xcodeproj">
            </BuildableReference>
         </BuildActionEntry>
      </BuildActionEntries>
   </BuildAction>
   <LaunchAction
      useCustomWorkingDirectory = "NO"
      buildConfiguration = "Debug"
      allowLocationSimulation = "YES">
      <BuildableProductRunnable>
         <BuildableReference
            BuildableIdentifier = "primary"
            BlueprintIdentifier = "C3591EEE26A48F1D00DA6CF7"
            BuildableName = "MovieInfoApp.app"
            BlueprintName = "MovieInfoApp"
            ReferencedContainer = "container:MovieInfoApp.xcodeproj">
         </BuildableReference>
      </BuildableProductRunnable>
   </LaunchAction>
</Scheme>
